// !$*UTF8*$!
{
	archiveVersion = 1;
	classes = {
	};
	objectVersion = 55;
	objects = {

/* Begin PBXBuildFile section */
		8A3338AD27233D8F00C1A336 /* NavigationBarView.swift in Sources */ = {isa = PBXBuildFile; fileRef = 8A3338AC27233D8F00C1A336 /* NavigationBarView.swift */; };
		8A3338AF2723430D00C1A336 /* LogoView.swift in Sources */ = {isa = PBXBuildFile; fileRef = 8A3338AE2723430D00C1A336 /* LogoView.swift */; };
		8AFCDCFD271A057700974482 /* TouchdownApp.swift in Sources */ = {isa = PBXBuildFile; fileRef = 8AFCDCFC271A057700974482 /* TouchdownApp.swift */; };
		8AFCDCFF271A057700974482 /* ContentView.swift in Sources */ = {isa = PBXBuildFile; fileRef = 8AFCDCFE271A057700974482 /* ContentView.swift */; };
		8AFCDD01271A057800974482 /* Assets.xcassets in Resources */ = {isa = PBXBuildFile; fileRef = 8AFCDD00271A057800974482 /* Assets.xcassets */; };
		8AFCDD04271A057800974482 /* Preview Assets.xcassets in Resources */ = {isa = PBXBuildFile; fileRef = 8AFCDD03271A057800974482 /* Preview Assets.xcassets */; };
		8AFCDD0E271A07B800974482 /* player.json in Resources */ = {isa = PBXBuildFile; fileRef = 8AFCDD0A271A07B800974482 /* player.json */; };
		8AFCDD0F271A07B800974482 /* category.json in Resources */ = {isa = PBXBuildFile; fileRef = 8AFCDD0B271A07B800974482 /* category.json */; };
		8AFCDD10271A07B800974482 /* product.json in Resources */ = {isa = PBXBuildFile; fileRef = 8AFCDD0C271A07B800974482 /* product.json */; };
		8AFCDD11271A07B800974482 /* brand.json in Resources */ = {isa = PBXBuildFile; fileRef = 8AFCDD0D271A07B800974482 /* brand.json */; };
		8AFCDD1B271A0A5500974482 /* Constants.swift in Sources */ = {isa = PBXBuildFile; fileRef = 8AFCDD1A271A0A5500974482 /* Constants.swift */; };
		8AFCDD1D271A0B0600974482 /* FooterView.swift in Sources */ = {isa = PBXBuildFile; fileRef = 8AFCDD1C271A0B0600974482 /* FooterView.swift */; };
/* End PBXBuildFile section */

/* Begin PBXFileReference section */
		8A3338AC27233D8F00C1A336 /* NavigationBarView.swift */ = {isa = PBXFileReference; lastKnownFileType = sourcecode.swift; path = NavigationBarView.swift; sourceTree = "<group>"; };
		8A3338AE2723430D00C1A336 /* LogoView.swift */ = {isa = PBXFileReference; lastKnownFileType = sourcecode.swift; path = LogoView.swift; sourceTree = "<group>"; };
		8AFCDCF9271A057600974482 /* Touchdown.app */ = {isa = PBXFileReference; explicitFileType = wrapper.application; includeInIndex = 0; path = Touchdown.app; sourceTree = BUILT_PRODUCTS_DIR; };
		8AFCDCFC271A057700974482 /* TouchdownApp.swift */ = {isa = PBXFileReference; lastKnownFileType = sourcecode.swift; path = TouchdownApp.swift; sourceTree = "<group>"; };
		8AFCDCFE271A057700974482 /* ContentView.swift */ = {isa = PBXFileReference; lastKnownFileType = sourcecode.swift; path = ContentView.swift; sourceTree = "<group>"; };
		8AFCDD00271A057800974482 /* Assets.xcassets */ = {isa = PBXFileReference; lastKnownFileType = folder.assetcatalog; path = Assets.xcassets; sourceTree = "<group>"; };
		8AFCDD03271A057800974482 /* Preview Assets.xcassets */ = {isa = PBXFileReference; lastKnownFileType = folder.assetcatalog; path = "Preview Assets.xcassets"; sourceTree = "<group>"; };
		8AFCDD0A271A07B800974482 /* player.json */ = {isa = PBXFileReference; fileEncoding = 4; lastKnownFileType = text.json; path = player.json; sourceTree = "<group>"; };
		8AFCDD0B271A07B800974482 /* category.json */ = {isa = PBXFileReference; fileEncoding = 4; lastKnownFileType = text.json; path = category.json; sourceTree = "<group>"; };
		8AFCDD0C271A07B800974482 /* product.json */ = {isa = PBXFileReference; fileEncoding = 4; lastKnownFileType = text.json; path = product.json; sourceTree = "<group>"; };
		8AFCDD0D271A07B800974482 /* brand.json */ = {isa = PBXFileReference; fileEncoding = 4; lastKnownFileType = text.json; path = brand.json; sourceTree = "<group>"; };
		8AFCDD13271A081200974482 /* Info.plist */ = {isa = PBXFileReference; lastKnownFileType = text.plist; path = Info.plist; sourceTree = "<group>"; };
		8AFCDD1A271A0A5500974482 /* Constants.swift */ = {isa = PBXFileReference; lastKnownFileType = sourcecode.swift; path = Constants.swift; sourceTree = "<group>"; };
		8AFCDD1C271A0B0600974482 /* FooterView.swift */ = {isa = PBXFileReference; lastKnownFileType = sourcecode.swift; path = FooterView.swift; sourceTree = "<group>"; };
/* End PBXFileReference section */

/* Begin PBXFrameworksBuildPhase section */
		8AFCDCF6271A057600974482 /* Frameworks */ = {
			isa = PBXFrameworksBuildPhase;
			buildActionMask = 2147483647;
			files = (
			);
			runOnlyForDeploymentPostprocessing = 0;
		};
/* End PBXFrameworksBuildPhase section */

/* Begin PBXGroup section */
		8AFCDCF0271A057600974482 = {
			isa = PBXGroup;
			children = (
				8AFCDCFB271A057600974482 /* Touchdown */,
				8AFCDCFA271A057600974482 /* Products */,
			);
			sourceTree = "<group>";
		};
		8AFCDCFA271A057600974482 /* Products */ = {
			isa = PBXGroup;
			children = (
				8AFCDCF9271A057600974482 /* Touchdown.app */,
			);
			name = Products;
			sourceTree = "<group>";
		};
		8AFCDCFB271A057600974482 /* Touchdown */ = {
			isa = PBXGroup;
			children = (
				8AFCDD19271A090200974482 /* Utility */,
				8AFCDD18271A08F600974482 /* Extension */,
				8AFCDD15271A08D900974482 /* View */,
				8AFCDD13271A081200974482 /* Info.plist */,
				8AFCDD14271A08CA00974482 /* App */,
				8AFCDD12271A07D500974482 /* Data */,
				8AFCDD00271A057800974482 /* Assets.xcassets */,
				8AFCDD02271A057800974482 /* Preview Content */,
			);
			path = Touchdown;
			sourceTree = "<group>";
		};
		8AFCDD02271A057800974482 /* Preview Content */ = {
			isa = PBXGroup;
			children = (
				8AFCDD03271A057800974482 /* Preview Assets.xcassets */,
			);
			path = "Preview Content";
			sourceTree = "<group>";
		};
		8AFCDD12271A07D500974482 /* Data */ = {
			isa = PBXGroup;
			children = (
				8AFCDD0D271A07B800974482 /* brand.json */,
				8AFCDD0B271A07B800974482 /* category.json */,
				8AFCDD0A271A07B800974482 /* player.json */,
				8AFCDD0C271A07B800974482 /* product.json */,
			);
			path = Data;
			sourceTree = "<group>";
		};
		8AFCDD14271A08CA00974482 /* App */ = {
			isa = PBXGroup;
			children = (
				8AFCDCFC271A057700974482 /* TouchdownApp.swift */,
				8AFCDCFE271A057700974482 /* ContentView.swift */,
			);
			path = App;
			sourceTree = "<group>";
		};
		8AFCDD15271A08D900974482 /* View */ = {
			isa = PBXGroup;
			children = (
				8AFCDD17271A08E800974482 /* Home */,
				8AFCDD16271A08E100974482 /* Detail */,
			);
			path = View;
			sourceTree = "<group>";
		};
		8AFCDD16271A08E100974482 /* Detail */ = {
			isa = PBXGroup;
			children = (
			);
			path = Detail;
			sourceTree = "<group>";
		};
		8AFCDD17271A08E800974482 /* Home */ = {
			isa = PBXGroup;
			children = (
				8AFCDD1C271A0B0600974482 /* FooterView.swift */,
				8A3338AC27233D8F00C1A336 /* NavigationBarView.swift */,
				8A3338AE2723430D00C1A336 /* LogoView.swift */,
			);
			path = Home;
			sourceTree = "<group>";
		};
		8AFCDD18271A08F600974482 /* Extension */ = {
			isa = PBXGroup;
			children = (
			);
			path = Extension;
			sourceTree = "<group>";
		};
		8AFCDD19271A090200974482 /* Utility */ = {
			isa = PBXGroup;
			children = (
				8AFCDD1A271A0A5500974482 /* Constants.swift */,
			);
			path = Utility;
			sourceTree = "<group>";
		};
/* End PBXGroup section */

/* Begin PBXNativeTarget section */
		8AFCDCF8271A057600974482 /* Touchdown */ = {
			isa = PBXNativeTarget;
			buildConfigurationList = 8AFCDD07271A057800974482 /* Build configuration list for PBXNativeTarget "Touchdown" */;
			buildPhases = (
				8AFCDCF5271A057600974482 /* Sources */,
				8AFCDCF6271A057600974482 /* Frameworks */,
				8AFCDCF7271A057600974482 /* Resources */,
			);
			buildRules = (
			);
			dependencies = (
			);
			name = Touchdown;
			productName = Touchdown;
			productReference = 8AFCDCF9271A057600974482 /* Touchdown.app */;
			productType = "com.apple.product-type.application";
		};
/* End PBXNativeTarget section */

/* Begin PBXProject section */
		8AFCDCF1271A057600974482 /* Project object */ = {
			isa = PBXProject;
			attributes = {
				BuildIndependentTargetsInParallel = 1;
				LastSwiftUpdateCheck = 1300;
				LastUpgradeCheck = 1300;
				TargetAttributes = {
					8AFCDCF8271A057600974482 = {
						CreatedOnToolsVersion = 13.0;
					};
				};
			};
			buildConfigurationList = 8AFCDCF4271A057600974482 /* Build configuration list for PBXProject "Touchdown" */;
			compatibilityVersion = "Xcode 13.0";
			developmentRegion = en;
			hasScannedForEncodings = 0;
			knownRegions = (
				en,
				Base,
			);
			mainGroup = 8AFCDCF0271A057600974482;
			productRefGroup = 8AFCDCFA271A057600974482 /* Products */;
			projectDirPath = "";
			projectRoot = "";
			targets = (
				8AFCDCF8271A057600974482 /* Touchdown */,
			);
		};
/* End PBXProject section */

/* Begin PBXResourcesBuildPhase section */
		8AFCDCF7271A057600974482 /* Resources */ = {
			isa = PBXResourcesBuildPhase;
			buildActionMask = 2147483647;
			files = (
				8AFCDD0E271A07B800974482 /* player.json in Resources */,
				8AFCDD04271A057800974482 /* Preview Assets.xcassets in Resources */,
				8AFCDD01271A057800974482 /* Assets.xcassets in Resources */,
				8AFCDD0F271A07B800974482 /* category.json in Resources */,
				8AFCDD10271A07B800974482 /* product.json in Resources */,
				8AFCDD11271A07B800974482 /* brand.json in Resources */,
			);
			runOnlyForDeploymentPostprocessing = 0;
		};
/* End PBXResourcesBuildPhase section */

/* Begin PBXSourcesBuildPhase section */
		8AFCDCF5271A057600974482 /* Sources */ = {
			isa = PBXSourcesBuildPhase;
			buildActionMask = 2147483647;
			files = (
				8AFCDCFF271A057700974482 /* ContentView.swift in Sources */,
				8A3338AF2723430D00C1A336 /* LogoView.swift in Sources */,
				8AFCDD1D271A0B0600974482 /* FooterView.swift in Sources */,
				8AFCDCFD271A057700974482 /* TouchdownApp.swift in Sources */,
				8AFCDD1B271A0A5500974482 /* Constants.swift in Sources */,
				8A3338AD27233D8F00C1A336 /* NavigationBarView.swift in Sources */,
			);
			runOnlyForDeploymentPostprocessing = 0;
		};
/* End PBXSourcesBuildPhase section */

/* Begin XCBuildConfiguration section */
		8AFCDD05271A057800974482 /* Debug */ = {
			isa = XCBuildConfiguration;
			buildSettings = {
				ALWAYS_SEARCH_USER_PATHS = NO;
				CLANG_ANALYZER_NONNULL = YES;
				CLANG_ANALYZER_NUMBER_OBJECT_CONVERSION = YES_AGGRESSIVE;
				CLANG_CXX_LANGUAGE_STANDARD = "gnu++17";
				CLANG_CXX_LIBRARY = "libc++";
				CLANG_ENABLE_MODULES = YES;
				CLANG_ENABLE_OBJC_ARC = YES;
				CLANG_ENABLE_OBJC_WEAK = YES;
				CLANG_WARN_BLOCK_CAPTURE_AUTORELEASING = YES;
				CLANG_WARN_BOOL_CONVERSION = YES;
				CLANG_WARN_COMMA = YES;
				CLANG_WARN_CONSTANT_CONVERSION = YES;
				CLANG_WARN_DEPRECATED_OBJC_IMPLEMENTATIONS = YES;
				CLANG_WARN_DIRECT_OBJC_ISA_USAGE = YES_ERROR;
				CLANG_WARN_DOCUMENTATION_COMMENTS = YES;
				CLANG_WARN_EMPTY_BODY = YES;
				CLANG_WARN_ENUM_CONVERSION = YES;
				CLANG_WARN_INFINITE_RECURSION = YES;
				CLANG_WARN_INT_CONVERSION = YES;
				CLANG_WARN_NON_LITERAL_NULL_CONVERSION = YES;
				CLANG_WARN_OBJC_IMPLICIT_RETAIN_SELF = YES;
				CLANG_WARN_OBJC_LITERAL_CONVERSION = YES;
				CLANG_WARN_OBJC_ROOT_CLASS = YES_ERROR;
				CLANG_WARN_QUOTED_INCLUDE_IN_FRAMEWORK_HEADER = YES;
				CLANG_WARN_RANGE_LOOP_ANALYSIS = YES;
				CLANG_WARN_STRICT_PROTOTYPES = YES;
				CLANG_WARN_SUSPICIOUS_MOVE = YES;
				CLANG_WARN_UNGUARDED_AVAILABILITY = YES_AGGRESSIVE;
				CLANG_WARN_UNREACHABLE_CODE = YES;
				CLANG_WARN__DUPLICATE_METHOD_MATCH = YES;
				COPY_PHASE_STRIP = NO;
				DEBUG_INFORMATION_FORMAT = dwarf;
				ENABLE_STRICT_OBJC_MSGSEND = YES;
				ENABLE_TESTABILITY = YES;
				GCC_C_LANGUAGE_STANDARD = gnu11;
				GCC_DYNAMIC_NO_PIC = NO;
				GCC_NO_COMMON_BLOCKS = YES;
				GCC_OPTIMIZATION_LEVEL = 0;
				GCC_PREPROCESSOR_DEFINITIONS = (
					"DEBUG=1",
					"$(inherited)",
				);
				GCC_WARN_64_TO_32_BIT_CONVERSION = YES;
				GCC_WARN_ABOUT_RETURN_TYPE = YES_ERROR;
				GCC_WARN_UNDECLARED_SELECTOR = YES;
				GCC_WARN_UNINITIALIZED_AUTOS = YES_AGGRESSIVE;
				GCC_WARN_UNUSED_FUNCTION = YES;
				GCC_WARN_UNUSED_VARIABLE = YES;
				IPHONEOS_DEPLOYMENT_TARGET = 15.0;
				MTL_ENABLE_DEBUG_INFO = INCLUDE_SOURCE;
				MTL_FAST_MATH = YES;
				ONLY_ACTIVE_ARCH = YES;
				SDKROOT = iphoneos;
				SWIFT_ACTIVE_COMPILATION_CONDITIONS = DEBUG;
				SWIFT_OPTIMIZATION_LEVEL = "-Onone";
			};
			name = Debug;
		};
		8AFCDD06271A057800974482 /* Release */ = {
			isa = XCBuildConfiguration;
			buildSettings = {
				ALWAYS_SEARCH_USER_PATHS = NO;
				CLANG_ANALYZER_NONNULL = YES;
				CLANG_ANALYZER_NUMBER_OBJECT_CONVERSION = YES_AGGRESSIVE;
				CLANG_CXX_LANGUAGE_STANDARD = "gnu++17";
				CLANG_CXX_LIBRARY = "libc++";
				CLANG_ENABLE_MODULES = YES;
				CLANG_ENABLE_OBJC_ARC = YES;
				CLANG_ENABLE_OBJC_WEAK = YES;
				CLANG_WARN_BLOCK_CAPTURE_AUTORELEASING = YES;
				CLANG_WARN_BOOL_CONVERSION = YES;
				CLANG_WARN_COMMA = YES;
				CLANG_WARN_CONSTANT_CONVERSION = YES;
				CLANG_WARN_DEPRECATED_OBJC_IMPLEMENTATIONS = YES;
				CLANG_WARN_DIRECT_OBJC_ISA_USAGE = YES_ERROR;
				CLANG_WARN_DOCUMENTATION_COMMENTS = YES;
				CLANG_WARN_EMPTY_BODY = YES;
				CLANG_WARN_ENUM_CONVERSION = YES;
				CLANG_WARN_INFINITE_RECURSION = YES;
				CLANG_WARN_INT_CONVERSION = YES;
				CLANG_WARN_NON_LITERAL_NULL_CONVERSION = YES;
				CLANG_WARN_OBJC_IMPLICIT_RETAIN_SELF = YES;
				CLANG_WARN_OBJC_LITERAL_CONVERSION = YES;
				CLANG_WARN_OBJC_ROOT_CLASS = YES_ERROR;
				CLANG_WARN_QUOTED_INCLUDE_IN_FRAMEWORK_HEADER = YES;
				CLANG_WARN_RANGE_LOOP_ANALYSIS = YES;
				CLANG_WARN_STRICT_PROTOTYPES = YES;
				CLANG_WARN_SUSPICIOUS_MOVE = YES;
				CLANG_WARN_UNGUARDED_AVAILABILITY = YES_AGGRESSIVE;
				CLANG_WARN_UNREACHABLE_CODE = YES;
				CLANG_WARN__DUPLICATE_METHOD_MATCH = YES;
				COPY_PHASE_STRIP = NO;
				DEBUG_INFORMATION_FORMAT = "dwarf-with-dsym";
				ENABLE_NS_ASSERTIONS = NO;
				ENABLE_STRICT_OBJC_MSGSEND = YES;
				GCC_C_LANGUAGE_STANDARD = gnu11;
				GCC_NO_COMMON_BLOCKS = YES;
				GCC_WARN_64_TO_32_BIT_CONVERSION = YES;
				GCC_WARN_ABOUT_RETURN_TYPE = YES_ERROR;
				GCC_WARN_UNDECLARED_SELECTOR = YES;
				GCC_WARN_UNINITIALIZED_AUTOS = YES_AGGRESSIVE;
				GCC_WARN_UNUSED_FUNCTION = YES;
				GCC_WARN_UNUSED_VARIABLE = YES;
				IPHONEOS_DEPLOYMENT_TARGET = 15.0;
				MTL_ENABLE_DEBUG_INFO = NO;
				MTL_FAST_MATH = YES;
				SDKROOT = iphoneos;
				SWIFT_COMPILATION_MODE = wholemodule;
				SWIFT_OPTIMIZATION_LEVEL = "-O";
				VALIDATE_PRODUCT = YES;
			};
			name = Release;
		};
		8AFCDD08271A057800974482 /* Debug */ = {
			isa = XCBuildConfiguration;
			buildSettings = {
				ASSETCATALOG_COMPILER_APPICON_NAME = AppIcon;
				ASSETCATALOG_COMPILER_GLOBAL_ACCENT_COLOR_NAME = AccentColor;
				CODE_SIGN_STYLE = Automatic;
				CURRENT_PROJECT_VERSION = 1;
				DEVELOPMENT_ASSET_PATHS = "\"Touchdown/Preview Content\"";
				DEVELOPMENT_TEAM = 4GPRWCHGY7;
				ENABLE_PREVIEWS = YES;
				GENERATE_INFOPLIST_FILE = YES;
				INFOPLIST_FILE = Touchdown/Info.plist;
				INFOPLIST_KEY_UIApplicationSceneManifest_Generation = YES;
				INFOPLIST_KEY_UIApplicationSupportsIndirectInputEvents = YES;
				INFOPLIST_KEY_UISupportedInterfaceOrientations = UIInterfaceOrientationPortrait;
				INFOPLIST_KEY_UISupportedInterfaceOrientations_iPad = "UIInterfaceOrientationPortrait UIInterfaceOrientationPortraitUpsideDown UIInterfaceOrientationLandscapeLeft UIInterfaceOrientationLandscapeRight";
				INFOPLIST_KEY_UISupportedInterfaceOrientations_iPhone = "UIInterfaceOrientationPortrait UIInterfaceOrientationLandscapeLeft UIInterfaceOrientationLandscapeRight";
				INFOPLIST_KEY_UIUserInterfaceStyle = Light;
				IPHONEOS_DEPLOYMENT_TARGET = 14.0;
				LD_RUNPATH_SEARCH_PATHS = (
					"$(inherited)",
					"@executable_path/Frameworks",
				);
				MARKETING_VERSION = 1.0;
				PRODUCT_BUNDLE_IDENTIFIER = com.sahil.Touchdown;
				PRODUCT_NAME = "$(TARGET_NAME)";
				SWIFT_EMIT_LOC_STRINGS = YES;
				SWIFT_VERSION = 5.0;
				TARGETED_DEVICE_FAMILY = "1,2";
			};
			name = Debug;
		};
		8AFCDD09271A057800974482 /* Release */ = {
			isa = XCBuildConfiguration;
			buildSettings = {
				ASSETCATALOG_COMPILER_APPICON_NAME = AppIcon;
				ASSETCATALOG_COMPILER_GLOBAL_ACCENT_COLOR_NAME = AccentColor;
				CODE_SIGN_STYLE = Automatic;
				CURRENT_PROJECT_VERSION = 1;
				DEVELOPMENT_ASSET_PATHS = "\"Touchdown/Preview Content\"";
				DEVELOPMENT_TEAM = 4GPRWCHGY7;
				ENABLE_PREVIEWS = YES;
				GENERATE_INFOPLIST_FILE = YES;
				INFOPLIST_FILE = Touchdown/Info.plist;
				INFOPLIST_KEY_UIApplicationSceneManifest_Generation = YES;
				INFOPLIST_KEY_UIApplicationSupportsIndirectInputEvents = YES;
				INFOPLIST_KEY_UISupportedInterfaceOrientations = UIInterfaceOrientationPortrait;
				INFOPLIST_KEY_UISupportedInterfaceOrientations_iPad = "UIInterfaceOrientationPortrait UIInterfaceOrientationPortraitUpsideDown UIInterfaceOrientationLandscapeLeft UIInterfaceOrientationLandscapeRight";
				INFOPLIST_KEY_UISupportedInterfaceOrientations_iPhone = "UIInterfaceOrientationPortrait UIInterfaceOrientationLandscapeLeft UIInterfaceOrientationLandscapeRight";
				INFOPLIST_KEY_UIUserInterfaceStyle = Light;
				IPHONEOS_DEPLOYMENT_TARGET = 14.0;
				LD_RUNPATH_SEARCH_PATHS = (
					"$(inherited)",
					"@executable_path/Frameworks",
				);
				MARKETING_VERSION = 1.0;
				PRODUCT_BUNDLE_IDENTIFIER = com.sahil.Touchdown;
				PRODUCT_NAME = "$(TARGET_NAME)";
				SWIFT_EMIT_LOC_STRINGS = YES;
				SWIFT_VERSION = 5.0;
				TARGETED_DEVICE_FAMILY = "1,2";
			};
			name = Release;
		};
/* End XCBuildConfiguration section */

/* Begin XCConfigurationList section */
		8AFCDCF4271A057600974482 /* Build configuration list for PBXProject "Touchdown" */ = {
			isa = XCConfigurationList;
			buildConfigurations = (
				8AFCDD05271A057800974482 /* Debug */,
				8AFCDD06271A057800974482 /* Release */,
			);
			defaultConfigurationIsVisible = 0;
			defaultConfigurationName = Release;
		};
		8AFCDD07271A057800974482 /* Build configuration list for PBXNativeTarget "Touchdown" */ = {
			isa = XCConfigurationList;
			buildConfigurations = (
				8AFCDD08271A057800974482 /* Debug */,
				8AFCDD09271A057800974482 /* Release */,
			);
			defaultConfigurationIsVisible = 0;
			defaultConfigurationName = Release;
		};
/* End XCConfigurationList section */
	};
	rootObject = 8AFCDCF1271A057600974482 /* Project object */;
}
